# @generated - this file is auto-generated by `mise lock` https://mise.en.dev/dev-tools/mise-lock.html

[[tools.pandoc]]
version = "3.10.1"
backend = "github:jgm/pandoc"

[tools.pandoc."platforms.linux-x64"]
checksum = "sha256:72948bf5784f560d5ad1876709daca27e0667f262da727bb33f77b58e52df2f5"
url = "https://github.com/jgm/pandoc/releases/download/3.10.1/pandoc-3.10.1-linux-amd64.tar.gz"
url_api = "https://api.github.com/repos/jgm/pandoc/releases/assets/486227507"
provenance = "github-attestations"

[tools.pandoc."platforms.macos-arm64"]
checksum = "sha256:8607160694a70ed9aa63776caa44acef3afb729c379c7c283724b7e27455bfda"
url = "https://github.com/jgm/pandoc/releases/download/3.10.1/pandoc-3.10.1-arm64-macOS.zip"
url_api = "https://api.github.com/repos/jgm/pandoc/releases/assets/486227385"
provenance = "github-attestations"
provenance_verified = true

[[tools.python]]
version = "3.14.6"
backend = "core:python"

[tools.python."platforms.linux-x64"]
checksum = "sha256:d6254462d5fe066810a472d286861f6a18f66400008bfa9688e202a5672e88cb"
url = "https://github.com/astral-sh/python-build-standalone/releases/download/20260728/cpython-3.14.6+20260728-x86_64-unknown-linux-gnu-install_only_stripped.tar.gz"
provenance = "github-attestations"

[tools.python."platforms.macos-arm64"]
checksum = "sha256:f4b47659e2da4b97f38cefdf5ad19f0042946099d843cde60de308708e5b1ac5"
url = "https://github.com/astral-sh/python-build-standalone/releases/download/20260728/cpython-3.14.6+20260728-aarch64-apple-darwin-install_only_stripped.tar.gz"
provenance = "github-attestations"

[[tools.weasyprint]]
version = "69.0"
backend = "trans-nix:weasyprint"
