# @generated - this file is auto-generated by `mise lock` https://mise.en.dev/dev-tools/mise-lock.html

[[tools.pandoc]]
version = "3.10.1"
backend = "github:jgm/pandoc"

[tools.pandoc."platforms.linux-arm64"]
checksum = "sha256:cd3963da375793a4804c65ae538b4f7b9c23f87cac7f6c74a1cf5e2fff7e8d59"
url = "https://github.com/jgm/pandoc/releases/download/3.10.1/pandoc-3.10.1-linux-arm64.tar.gz"
url_api = "https://api.github.com/repos/jgm/pandoc/releases/assets/486227617"
provenance = "github-attestations"

[tools.pandoc."platforms.macos-arm64"]
checksum = "sha256:8607160694a70ed9aa63776caa44acef3afb729c379c7c283724b7e27455bfda"
url = "https://github.com/jgm/pandoc/releases/download/3.10.1/pandoc-3.10.1-arm64-macOS.zip"
url_api = "https://api.github.com/repos/jgm/pandoc/releases/assets/486227385"
provenance = "github-attestations"
provenance_verified = true

[[tools.python]]
version = "3.14.6"
backend = "core:python"

[tools.python."platforms.linux-arm64"]
checksum = "sha256:8ad1ec529cd1708245e8661a463245fc1479c43cbfd66e58b095456ebf77180a"
url = "https://github.com/astral-sh/python-build-standalone/releases/download/20260804/cpython-3.14.6+20260804-aarch64-unknown-linux-gnu-install_only_stripped.tar.gz"
provenance = "github-attestations"

[tools.python."platforms.macos-arm64"]
checksum = "sha256:f4b47659e2da4b97f38cefdf5ad19f0042946099d843cde60de308708e5b1ac5"
url = "https://github.com/astral-sh/python-build-standalone/releases/download/20260728/cpython-3.14.6+20260728-aarch64-apple-darwin-install_only_stripped.tar.gz"
provenance = "github-attestations"

[[tools.weasyprint]]
version = "69.0"
backend = "trans-nix:weasyprint"
